// !$*UTF8*$!
{
	archiveVersion = 1;
	classes = {
	};
	objectVersion = 51;
	objects = {

/* Begin PBXBuildFile section */
		32922DCB856E4DF50028CF98 /* Pods_MyRide.framework in Frameworks */ = {isa = PBXBuildFile; fileRef = 18719961ED077EF886C69A41 /* Pods_MyRide.framework */; };
		4A8AF52F34B1E8961E854E44 /* Pods_MyRideTests.framework in Frameworks */ = {isa = PBXBuildFile; fileRef = 4B638155693E3B66D076F48F /* Pods_MyRideTests.framework */; };
		FF0CE28822CA467D00B8D01B /* AppDelegate.swift in Sources */ = {isa = PBXBuildFile; fileRef = FF0CE28722CA467D00B8D01B /* AppDelegate.swift */; };
		FF0CE28F22CA467F00B8D01B /* Assets.xcassets in Resources */ = {isa = PBXBuildFile; fileRef = FF0CE28E22CA467F00B8D01B /* Assets.xcassets */; };
		FF0CE29222CA467F00B8D01B /* LaunchScreen.storyboard in Resources */ = {isa = PBXBuildFile; fileRef = FF0CE29022CA467F00B8D01B /* LaunchScreen.storyboard */; };
		FF0CE2AA22CA545300B8D01B /* HttpService.swift in Sources */ = {isa = PBXBuildFile; fileRef = FF0CE2A922CA545300B8D01B /* HttpService.swift */; };
		FF0CE2AF22CA56C900B8D01B /* Assets.swift in Sources */ = {isa = PBXBuildFile; fileRef = FF0CE2AE22CA56C900B8D01B /* Assets.swift */; };
		FF0CE2B122CA56FA00B8D01B /* Localizable.strings in Resources */ = {isa = PBXBuildFile; fileRef = FF0CE2B022CA56FA00B8D01B /* Localizable.strings */; };
		FF0CE2B422CA5A4300B8D01B /* Strings.swift in Sources */ = {isa = PBXBuildFile; fileRef = FF0CE2B322CA5A4300B8D01B /* Strings.swift */; };
		FF0CE2B622CA5A7100B8D01B /* HttpError.swift in Sources */ = {isa = PBXBuildFile; fileRef = FF0CE2B522CA5A7100B8D01B /* HttpError.swift */; };
		FF0CE2B822CA5ADF00B8D01B /* Reachability.swift in Sources */ = {isa = PBXBuildFile; fileRef = FF0CE2B722CA5ADF00B8D01B /* Reachability.swift */; };
		FF0CE2BD22CA774200B8D01B /* Coordinator.swift in Sources */ = {isa = PBXBuildFile; fileRef = FF0CE2BC22CA774200B8D01B /* Coordinator.swift */; };
		FF0CE2C022CA777B00B8D01B /* AppCoordinator.swift in Sources */ = {isa = PBXBuildFile; fileRef = FF0CE2BF22CA777B00B8D01B /* AppCoordinator.swift */; };
		FF0CE2D022CA867900B8D01B /* Driver.swift in Sources */ = {isa = PBXBuildFile; fileRef = FF0CE2CF22CA867900B8D01B /* Driver.swift */; };
		FF0CE2D322CA873E00B8D01B /* FleetType.swift in Sources */ = {isa = PBXBuildFile; fileRef = FF0CE2D222CA873E00B8D01B /* FleetType.swift */; };
		FF0CE2D522CA87B500B8D01B /* Coordinate.swift in Sources */ = {isa = PBXBuildFile; fileRef = FF0CE2D422CA87B500B8D01B /* Coordinate.swift */; };
		FF0CE2E622CAF4FD00B8D01B /* DriversListViewController.swift in Sources */ = {isa = PBXBuildFile; fileRef = FF0CE2E422CAF4FD00B8D01B /* DriversListViewController.swift */; };
		FF0CE2E722CAF4FD00B8D01B /* DriversListViewController.xib in Resources */ = {isa = PBXBuildFile; fileRef = FF0CE2E522CAF4FD00B8D01B /* DriversListViewController.xib */; };
		FF0CE2F722CB141500B8D01B /* DriversAPI.swift in Sources */ = {isa = PBXBuildFile; fileRef = FF0CE2F622CB141500B8D01B /* DriversAPI.swift */; };
		FF0CE2FA22CB186400B8D01B /* GetDriversResponse.swift in Sources */ = {isa = PBXBuildFile; fileRef = FF0CE2F922CB186400B8D01B /* GetDriversResponse.swift */; };
		FF0CE2FC22CB252900B8D01B /* DriversListViewModel.swift in Sources */ = {isa = PBXBuildFile; fileRef = FF0CE2FB22CB252900B8D01B /* DriversListViewModel.swift */; };
		FF0CE30222CB9CA300B8D01B /* DriverTableViewCell.swift in Sources */ = {isa = PBXBuildFile; fileRef = FF0CE30022CB9CA300B8D01B /* DriverTableViewCell.swift */; };
		FF0CE30322CB9CA300B8D01B /* DriverTableViewCell.xib in Resources */ = {isa = PBXBuildFile; fileRef = FF0CE30122CB9CA300B8D01B /* DriverTableViewCell.xib */; };
		FF0CE30522CB9CBB00B8D01B /* DriverCellViewModel.swift in Sources */ = {isa = PBXBuildFile; fileRef = FF0CE30422CB9CBB00B8D01B /* DriverCellViewModel.swift */; };
		FF0CE30722CBA49B00B8D01B /* DriversService.swift in Sources */ = {isa = PBXBuildFile; fileRef = FF0CE30622CBA49B00B8D01B /* DriversService.swift */; };
		FF0CE30922CBA51800B8D01B /* MapBounds.swift in Sources */ = {isa = PBXBuildFile; fileRef = FF0CE30822CBA51800B8D01B /* MapBounds.swift */; };
		FF0CE30F22CBB02A00B8D01B /* UITableView+Utils.swift in Sources */ = {isa = PBXBuildFile; fileRef = FF0CE30E22CBB02A00B8D01B /* UITableView+Utils.swift */; };
		FF0CE31122CBDB6D00B8D01B /* UIColor+Utils.swift in Sources */ = {isa = PBXBuildFile; fileRef = FF0CE31022CBDB6D00B8D01B /* UIColor+Utils.swift */; };
		FF0CE31722CBE38D00B8D01B /* LocationHelper.swift in Sources */ = {isa = PBXBuildFile; fileRef = FF0CE31622CBE38D00B8D01B /* LocationHelper.swift */; };
		FF0CE31B22CBF06F00B8D01B /* DriversMapViewController.m in Sources */ = {isa = PBXBuildFile; fileRef = FF0CE31922CBF06F00B8D01B /* DriversMapViewController.m */; };
		FF0CE31C22CBF06F00B8D01B /* DriversMapViewController.xib in Resources */ = {isa = PBXBuildFile; fileRef = FF0CE31A22CBF06F00B8D01B /* DriversMapViewController.xib */; };
		FF0CE32122CBF12000B8D01B /* DriversMapViewModel.m in Sources */ = {isa = PBXBuildFile; fileRef = FF0CE32022CBF12000B8D01B /* DriversMapViewModel.m */; };
		FF5BB6B222CD2295003A9428 /* DriversListViewModelTests.swift in Sources */ = {isa = PBXBuildFile; fileRef = FF5BB6B122CD2295003A9428 /* DriversListViewModelTests.swift */; };
		FF5BB6B522CD237C003A9428 /* DriversServiceMock.swift in Sources */ = {isa = PBXBuildFile; fileRef = FF5BB6B422CD237C003A9428 /* DriversServiceMock.swift */; };
		FF5BB6B722CD5521003A9428 /* DriversMapCoordinator.swift in Sources */ = {isa = PBXBuildFile; fileRef = FF5BB6B622CD5521003A9428 /* DriversMapCoordinator.swift */; };
		FF5BB6B922CD55A7003A9428 /* DriversListCoordinator.swift in Sources */ = {isa = PBXBuildFile; fileRef = FF5BB6B822CD55A7003A9428 /* DriversListCoordinator.swift */; };
		FF5BB6BB22CD5F65003A9428 /* DriverCellViewModelTests.swift in Sources */ = {isa = PBXBuildFile; fileRef = FF5BB6BA22CD5F64003A9428 /* DriverCellViewModelTests.swift */; };
		FF5BB6BE22CD6EB1003A9428 /* DriversMapViewModelTests.swift in Sources */ = {isa = PBXBuildFile; fileRef = FF5BB6BD22CD6EB1003A9428 /* DriversMapViewModelTests.swift */; };
		FF5BB6C422CD94CD003A9428 /* DriverAnnotation.swift in Sources */ = {isa = PBXBuildFile; fileRef = FF5BB6C322CD94CD003A9428 /* DriverAnnotation.swift */; };
		FF5BB6C622CD94D9003A9428 /* DriverAnnotationViewModel.swift in Sources */ = {isa = PBXBuildFile; fileRef = FF5BB6C522CD94D9003A9428 /* DriverAnnotationViewModel.swift */; };
		FF5BB6C822CDA5F0003A9428 /* DriverAnnotationView.swift in Sources */ = {isa = PBXBuildFile; fileRef = FF5BB6C722CDA5F0003A9428 /* DriverAnnotationView.swift */; };
		FF5BB6CA22CDAED5003A9428 /* DriverAnnotationViewModelTests.swift in Sources */ = {isa = PBXBuildFile; fileRef = FF5BB6C922CDAED5003A9428 /* DriverAnnotationViewModelTests.swift */; };
		FF5BB6CE22CDB0D5003A9428 /* DriverTests.swift in Sources */ = {isa = PBXBuildFile; fileRef = FF5BB6CD22CDB0D5003A9428 /* DriverTests.swift */; };
		FF5BB6D022CDBD8E003A9428 /* NumberFormatter+Utils.swift in Sources */ = {isa = PBXBuildFile; fileRef = FF5BB6CF22CDBD8E003A9428 /* NumberFormatter+Utils.swift */; };
		FF5BB6D222CDCD4B003A9428 /* DriverAnnotationTests.swift in Sources */ = {isa = PBXBuildFile; fileRef = FF5BB6D122CDCD4B003A9428 /* DriverAnnotationTests.swift */; };
		FF5BB6D722CE7B8F003A9428 /* DriversService+Rx.swift in Sources */ = {isa = PBXBuildFile; fileRef = FF5BB6D622CE7B8F003A9428 /* DriversService+Rx.swift */; };
		FF5BB6D922CE7F43003A9428 /* ActivityIndicator.swift in Sources */ = {isa = PBXBuildFile; fileRef = FF5BB6D822CE7F43003A9428 /* ActivityIndicator.swift */; };
		FF5BB6DB22CEBB38003A9428 /* CLLocation+Utils.swift in Sources */ = {isa = PBXBuildFile; fileRef = FF5BB6DA22CEBB38003A9428 /* CLLocation+Utils.swift */; };
		FF5BB6DF22CECC5E003A9428 /* GeocoderService.swift in Sources */ = {isa = PBXBuildFile; fileRef = FF5BB6DE22CECC5E003A9428 /* GeocoderService.swift */; };
/* End PBXBuildFile section */

/* Begin PBXContainerItemProxy section */
		FF0CE29922CA467F00B8D01B /* PBXContainerItemProxy */ = {
			isa = PBXContainerItemProxy;
			containerPortal = FF0CE27C22CA467D00B8D01B /* Project object */;
			proxyType = 1;
			remoteGlobalIDString = FF0CE28322CA467D00B8D01B;
			remoteInfo = MyRide;
		};
/* End PBXContainerItemProxy section */

/* Begin PBXFileReference section */
		18608B2BE2817A050EF09B9A /* Pods-MyRide.debug.xcconfig */ = {isa = PBXFileReference; includeInIndex = 1; lastKnownFileType = text.xcconfig; name = "Pods-MyRide.debug.xcconfig"; path = "Target Support Files/Pods-MyRide/Pods-MyRide.debug.xcconfig"; sourceTree = "<group>"; };
		18719961ED077EF886C69A41 /* Pods_MyRide.framework */ = {isa = PBXFileReference; explicitFileType = wrapper.framework; includeInIndex = 0; path = Pods_MyRide.framework; sourceTree = BUILT_PRODUCTS_DIR; };
		4B638155693E3B66D076F48F /* Pods_MyRideTests.framework */ = {isa = PBXFileReference; explicitFileType = wrapper.framework; includeInIndex = 0; path = Pods_MyRideTests.framework; sourceTree = BUILT_PRODUCTS_DIR; };
		8D720BF88A2977288A936BAB /* Pods-MyRideTests.release.xcconfig */ = {isa = PBXFileReference; includeInIndex = 1; lastKnownFileType = text.xcconfig; name = "Pods-MyRideTests.release.xcconfig"; path = "Target Support Files/Pods-MyRideTests/Pods-MyRideTests.release.xcconfig"; sourceTree = "<group>"; };
		AE257DB955C88BD6FF3DC28C /* Pods-MyRideTests.debug.xcconfig */ = {isa = PBXFileReference; includeInIndex = 1; lastKnownFileType = text.xcconfig; name = "Pods-MyRideTests.debug.xcconfig"; path = "Target Support Files/Pods-MyRideTests/Pods-MyRideTests.debug.xcconfig"; sourceTree = "<group>"; };
		EE2513F0FF7FFD96AC038289 /* Pods-MyRide.release.xcconfig */ = {isa = PBXFileReference; includeInIndex = 1; lastKnownFileType = text.xcconfig; name = "Pods-MyRide.release.xcconfig"; path = "Target Support Files/Pods-MyRide/Pods-MyRide.release.xcconfig"; sourceTree = "<group>"; };
		FF0CE28422CA467D00B8D01B /* MyRide.app */ = {isa = PBXFileReference; explicitFileType = wrapper.application; includeInIndex = 0; path = MyRide.app; sourceTree = BUILT_PRODUCTS_DIR; };
		FF0CE28722CA467D00B8D01B /* AppDelegate.swift */ = {isa = PBXFileReference; lastKnownFileType = sourcecode.swift; path = AppDelegate.swift; sourceTree = "<group>"; };
		FF0CE28E22CA467F00B8D01B /* Assets.xcassets */ = {isa = PBXFileReference; lastKnownFileType = folder.assetcatalog; path = Assets.xcassets; sourceTree = "<group>"; };
		FF0CE29122CA467F00B8D01B /* Base */ = {isa = PBXFileReference; lastKnownFileType = file.storyboard; name = Base; path = Base.lproj/LaunchScreen.storyboard; sourceTree = "<group>"; };
		FF0CE29322CA467F00B8D01B /* Info.plist */ = {isa = PBXFileReference; lastKnownFileType = text.plist.xml; path = Info.plist; sourceTree = "<group>"; };
		FF0CE29822CA467F00B8D01B /* MyRideTests.xctest */ = {isa = PBXFileReference; explicitFileType = wrapper.cfbundle; includeInIndex = 0; path = MyRideTests.xctest; sourceTree = BUILT_PRODUCTS_DIR; };
		FF0CE29E22CA467F00B8D01B /* Info.plist */ = {isa = PBXFileReference; lastKnownFileType = text.plist.xml; path = Info.plist; sourceTree = "<group>"; };
		FF0CE2A922CA545300B8D01B /* HttpService.swift */ = {isa = PBXFileReference; lastKnownFileType = sourcecode.swift; path = HttpService.swift; sourceTree = "<group>"; };
		FF0CE2AE22CA56C900B8D01B /* Assets.swift */ = {isa = PBXFileReference; fileEncoding = 4; lastKnownFileType = sourcecode.swift; path = Assets.swift; sourceTree = "<group>"; };
		FF0CE2B022CA56FA00B8D01B /* Localizable.strings */ = {isa = PBXFileReference; lastKnownFileType = text.plist.strings; path = Localizable.strings; sourceTree = "<group>"; };
		FF0CE2B322CA5A4300B8D01B /* Strings.swift */ = {isa = PBXFileReference; fileEncoding = 4; lastKnownFileType = sourcecode.swift; path = Strings.swift; sourceTree = "<group>"; };
		FF0CE2B522CA5A7100B8D01B /* HttpError.swift */ = {isa = PBXFileReference; lastKnownFileType = sourcecode.swift; path = HttpError.swift; sourceTree = "<group>"; };
		FF0CE2B722CA5ADF00B8D01B /* Reachability.swift */ = {isa = PBXFileReference; lastKnownFileType = sourcecode.swift; path = Reachability.swift; sourceTree = "<group>"; };
		FF0CE2BC22CA774200B8D01B /* Coordinator.swift */ = {isa = PBXFileReference; lastKnownFileType = sourcecode.swift; path = Coordinator.swift; sourceTree = "<group>"; };
		FF0CE2BF22CA777B00B8D01B /* AppCoordinator.swift */ = {isa = PBXFileReference; lastKnownFileType = sourcecode.swift; path = AppCoordinator.swift; sourceTree = "<group>"; };
		FF0CE2C622CA82D700B8D01B /* MyRide-Bridging-Header.h */ = {isa = PBXFileReference; lastKnownFileType = sourcecode.c.h; path = "MyRide-Bridging-Header.h"; sourceTree = "<group>"; };
		FF0CE2CF22CA867900B8D01B /* Driver.swift */ = {isa = PBXFileReference; lastKnownFileType = sourcecode.swift; path = Driver.swift; sourceTree = "<group>"; };
		FF0CE2D222CA873E00B8D01B /* FleetType.swift */ = {isa = PBXFileReference; lastKnownFileType = sourcecode.swift; path = FleetType.swift; sourceTree = "<group>"; };
		FF0CE2D422CA87B500B8D01B /* Coordinate.swift */ = {isa = PBXFileReference; lastKnownFileType = sourcecode.swift; path = Coordinate.swift; sourceTree = "<group>"; };
		FF0CE2E422CAF4FD00B8D01B /* DriversListViewController.swift */ = {isa = PBXFileReference; lastKnownFileType = sourcecode.swift; path = DriversListViewController.swift; sourceTree = "<group>"; };
		FF0CE2E522CAF4FD00B8D01B /* DriversListViewController.xib */ = {isa = PBXFileReference; lastKnownFileType = file.xib; path = DriversListViewController.xib; sourceTree = "<group>"; };
		FF0CE2F622CB141500B8D01B /* DriversAPI.swift */ = {isa = PBXFileReference; lastKnownFileType = sourcecode.swift; path = DriversAPI.swift; sourceTree = "<group>"; };
		FF0CE2F922CB186400B8D01B /* GetDriversResponse.swift */ = {isa = PBXFileReference; lastKnownFileType = sourcecode.swift; path = GetDriversResponse.swift; sourceTree = "<group>"; };
		FF0CE2FB22CB252900B8D01B /* DriversListViewModel.swift */ = {isa = PBXFileReference; lastKnownFileType = sourcecode.swift; path = DriversListViewModel.swift; sourceTree = "<group>"; };
		FF0CE30022CB9CA300B8D01B /* DriverTableViewCell.swift */ = {isa = PBXFileReference; lastKnownFileType = sourcecode.swift; path = DriverTableViewCell.swift; sourceTree = "<group>"; };
		FF0CE30122CB9CA300B8D01B /* DriverTableViewCell.xib */ = {isa = PBXFileReference; lastKnownFileType = file.xib; path = DriverTableViewCell.xib; sourceTree = "<group>"; };
		FF0CE30422CB9CBB00B8D01B /* DriverCellViewModel.swift */ = {isa = PBXFileReference; lastKnownFileType = sourcecode.swift; path = DriverCellViewModel.swift; sourceTree = "<group>"; };
		FF0CE30622CBA49B00B8D01B /* DriversService.swift */ = {isa = PBXFileReference; lastKnownFileType = sourcecode.swift; path = DriversService.swift; sourceTree = "<group>"; };
		FF0CE30822CBA51800B8D01B /* MapBounds.swift */ = {isa = PBXFileReference; lastKnownFileType = sourcecode.swift; path = MapBounds.swift; sourceTree = "<group>"; };
		FF0CE30E22CBB02A00B8D01B /* UITableView+Utils.swift */ = {isa = PBXFileReference; lastKnownFileType = sourcecode.swift; path = "UITableView+Utils.swift"; sourceTree = "<group>"; };
		FF0CE31022CBDB6D00B8D01B /* UIColor+Utils.swift */ = {isa = PBXFileReference; lastKnownFileType = sourcecode.swift; path = "UIColor+Utils.swift"; sourceTree = "<group>"; };
		FF0CE31622CBE38D00B8D01B /* LocationHelper.swift */ = {isa = PBXFileReference; lastKnownFileType = sourcecode.swift; path = LocationHelper.swift; sourceTree = "<group>"; };
		FF0CE31822CBF06F00B8D01B /* DriversMapViewController.h */ = {isa = PBXFileReference; lastKnownFileType = sourcecode.c.h; path = DriversMapViewController.h; sourceTree = "<group>"; };
		FF0CE31922CBF06F00B8D01B /* DriversMapViewController.m */ = {isa = PBXFileReference; lastKnownFileType = sourcecode.c.objc; path = DriversMapViewController.m; sourceTree = "<group>"; };
		FF0CE31A22CBF06F00B8D01B /* DriversMapViewController.xib */ = {isa = PBXFileReference; lastKnownFileType = file.xib; path = DriversMapViewController.xib; sourceTree = "<group>"; };
		FF0CE31F22CBF11600B8D01B /* DriversMapViewModel.h */ = {isa = PBXFileReference; lastKnownFileType = sourcecode.c.h; path = DriversMapViewModel.h; sourceTree = "<group>"; };
		FF0CE32022CBF12000B8D01B /* DriversMapViewModel.m */ = {isa = PBXFileReference; lastKnownFileType = sourcecode.c.objc; path = DriversMapViewModel.m; sourceTree = "<group>"; };
		FF5BB6B122CD2295003A9428 /* DriversListViewModelTests.swift */ = {isa = PBXFileReference; lastKnownFileType = sourcecode.swift; path = DriversListViewModelTests.swift; sourceTree = "<group>"; };
		FF5BB6B422CD237C003A9428 /* DriversServiceMock.swift */ = {isa = PBXFileReference; lastKnownFileType = sourcecode.swift; path = DriversServiceMock.swift; sourceTree = "<group>"; };
		FF5BB6B622CD5521003A9428 /* DriversMapCoordinator.swift */ = {isa = PBXFileReference; lastKnownFileType = sourcecode.swift; path = DriversMapCoordinator.swift; sourceTree = "<group>"; };
		FF5BB6B822CD55A7003A9428 /* DriversListCoordinator.swift */ = {isa = PBXFileReference; lastKnownFileType = sourcecode.swift; path = DriversListCoordinator.swift; sourceTree = "<group>"; };
		FF5BB6BA22CD5F64003A9428 /* DriverCellViewModelTests.swift */ = {isa = PBXFileReference; lastKnownFileType = sourcecode.swift; path = DriverCellViewModelTests.swift; sourceTree = "<group>"; };
		FF5BB6BD22CD6EB1003A9428 /* DriversMapViewModelTests.swift */ = {isa = PBXFileReference; lastKnownFileType = sourcecode.swift; path = DriversMapViewModelTests.swift; sourceTree = "<group>"; };
		FF5BB6C322CD94CD003A9428 /* DriverAnnotation.swift */ = {isa = PBXFileReference; lastKnownFileType = sourcecode.swift; path = DriverAnnotation.swift; sourceTree = "<group>"; };
		FF5BB6C522CD94D9003A9428 /* DriverAnnotationViewModel.swift */ = {isa = PBXFileReference; lastKnownFileType = sourcecode.swift; path = DriverAnnotationViewModel.swift; sourceTree = "<group>"; };
		FF5BB6C722CDA5F0003A9428 /* DriverAnnotationView.swift */ = {isa = PBXFileReference; lastKnownFileType = sourcecode.swift; path = DriverAnnotationView.swift; sourceTree = "<group>"; };
		FF5BB6C922CDAED5003A9428 /* DriverAnnotationViewModelTests.swift */ = {isa = PBXFileReference; lastKnownFileType = sourcecode.swift; path = DriverAnnotationViewModelTests.swift; sourceTree = "<group>"; };
		FF5BB6CD22CDB0D5003A9428 /* DriverTests.swift */ = {isa = PBXFileReference; lastKnownFileType = sourcecode.swift; path = DriverTests.swift; sourceTree = "<group>"; };
		FF5BB6CF22CDBD8E003A9428 /* NumberFormatter+Utils.swift */ = {isa = PBXFileReference; lastKnownFileType = sourcecode.swift; path = "NumberFormatter+Utils.swift"; sourceTree = "<group>"; };
		FF5BB6D122CDCD4B003A9428 /* DriverAnnotationTests.swift */ = {isa = PBXFileReference; lastKnownFileType = sourcecode.swift; path = DriverAnnotationTests.swift; sourceTree = "<group>"; };
		FF5BB6D622CE7B8F003A9428 /* DriversService+Rx.swift */ = {isa = PBXFileReference; lastKnownFileType = sourcecode.swift; path = "DriversService+Rx.swift"; sourceTree = "<group>"; };
		FF5BB6D822CE7F43003A9428 /* ActivityIndicator.swift */ = {isa = PBXFileReference; lastKnownFileType = sourcecode.swift; path = ActivityIndicator.swift; sourceTree = "<group>"; };
		FF5BB6DA22CEBB38003A9428 /* CLLocation+Utils.swift */ = {isa = PBXFileReference; lastKnownFileType = sourcecode.swift; path = "CLLocation+Utils.swift"; sourceTree = "<group>"; };
		FF5BB6DE22CECC5E003A9428 /* GeocoderService.swift */ = {isa = PBXFileReference; lastKnownFileType = sourcecode.swift; path = GeocoderService.swift; sourceTree = "<group>"; };
/* End PBXFileReference section */

/* Begin PBXFrameworksBuildPhase section */
		FF0CE28122CA467D00B8D01B /* Frameworks */ = {
			isa = PBXFrameworksBuildPhase;
			buildActionMask = 2147483647;
			files = (
				32922DCB856E4DF50028CF98 /* Pods_MyRide.framework in Frameworks */,
			);
			runOnlyForDeploymentPostprocessing = 0;
		};
		FF0CE29522CA467F00B8D01B /* Frameworks */ = {
			isa = PBXFrameworksBuildPhase;
			buildActionMask = 2147483647;
			files = (
				4A8AF52F34B1E8961E854E44 /* Pods_MyRideTests.framework in Frameworks */,
			);
			runOnlyForDeploymentPostprocessing = 0;
		};
/* End PBXFrameworksBuildPhase section */

/* Begin PBXGroup section */
		ED6CA6FCF720305C5CB87EA1 /* Pods */ = {
			isa = PBXGroup;
			children = (
				18608B2BE2817A050EF09B9A /* Pods-MyRide.debug.xcconfig */,
				EE2513F0FF7FFD96AC038289 /* Pods-MyRide.release.xcconfig */,
				AE257DB955C88BD6FF3DC28C /* Pods-MyRideTests.debug.xcconfig */,
				8D720BF88A2977288A936BAB /* Pods-MyRideTests.release.xcconfig */,
			);
			path = Pods;
			sourceTree = "<group>";
		};
		F688BAF5B578D83038E97EE1 /* Frameworks */ = {
			isa = PBXGroup;
			children = (
				18719961ED077EF886C69A41 /* Pods_MyRide.framework */,
				4B638155693E3B66D076F48F /* Pods_MyRideTests.framework */,
			);
			name = Frameworks;
			sourceTree = "<group>";
		};
		FF0CE27B22CA467D00B8D01B = {
			isa = PBXGroup;
			children = (
				FF0CE28622CA467D00B8D01B /* MyRide */,
				FF0CE29B22CA467F00B8D01B /* MyRideTests */,
				FF0CE28522CA467D00B8D01B /* Products */,
				ED6CA6FCF720305C5CB87EA1 /* Pods */,
				F688BAF5B578D83038E97EE1 /* Frameworks */,
			);
			sourceTree = "<group>";
		};
		FF0CE28522CA467D00B8D01B /* Products */ = {
			isa = PBXGroup;
			children = (
				FF0CE28422CA467D00B8D01B /* MyRide.app */,
				FF0CE29822CA467F00B8D01B /* MyRideTests.xctest */,
			);
			name = Products;
			sourceTree = "<group>";
		};
		FF0CE28622CA467D00B8D01B /* MyRide */ = {
			isa = PBXGroup;
			children = (
				FF0CE2AC22CA55BE00B8D01B /* SupportingFiles */,
				FF0CE2A722CA542E00B8D01B /* Core */,
				FF0CE2BE22CA776D00B8D01B /* Scenes */,
				FF0CE28722CA467D00B8D01B /* AppDelegate.swift */,
				FF0CE2BF22CA777B00B8D01B /* AppCoordinator.swift */,
			);
			path = MyRide;
			sourceTree = "<group>";
		};
		FF0CE29B22CA467F00B8D01B /* MyRideTests */ = {
			isa = PBXGroup;
			children = (
				FF5BB6CB22CDB0BE003A9428 /* Core */,
				FF5BB6AF22CD2223003A9428 /* Scenes */,
				FF0CE29E22CA467F00B8D01B /* Info.plist */,
			);
			path = MyRideTests;
			sourceTree = "<group>";
		};
		FF0CE2A722CA542E00B8D01B /* Core */ = {
			isa = PBXGroup;
			children = (
				FF0CE31522CBE37300B8D01B /* LocationManager */,
				FF0CE2EE22CAFF9000B8D01B /* Extensions */,
				FF0CE2D622CA894200B8D01B /* Data */,
				FF0CE2BB22CA773300B8D01B /* Coordinator */,
				FF0CE2A822CA543400B8D01B /* HttpService */,
				FF5BB6D822CE7F43003A9428 /* ActivityIndicator.swift */,
			);
			path = Core;
			sourceTree = "<group>";
		};
		FF0CE2A822CA543400B8D01B /* HttpService */ = {
			isa = PBXGroup;
			children = (
				FF0CE2A922CA545300B8D01B /* HttpService.swift */,
				FF0CE2B522CA5A7100B8D01B /* HttpError.swift */,
				FF0CE2B722CA5ADF00B8D01B /* Reachability.swift */,
			);
			path = HttpService;
			sourceTree = "<group>";
		};
		FF0CE2AC22CA55BE00B8D01B /* SupportingFiles */ = {
			isa = PBXGroup;
			children = (
				FF0CE2AD22CA55CA00B8D01B /* Generated */,
				FF0CE28E22CA467F00B8D01B /* Assets.xcassets */,
				FF0CE29322CA467F00B8D01B /* Info.plist */,
				FF0CE29022CA467F00B8D01B /* LaunchScreen.storyboard */,
				FF0CE2B022CA56FA00B8D01B /* Localizable.strings */,
				FF0CE2C622CA82D700B8D01B /* MyRide-Bridging-Header.h */,
			);
			path = SupportingFiles;
			sourceTree = "<group>";
		};
		FF0CE2AD22CA55CA00B8D01B /* Generated */ = {
			isa = PBXGroup;
			children = (
				FF0CE2B322CA5A4300B8D01B /* Strings.swift */,
				FF0CE2AE22CA56C900B8D01B /* Assets.swift */,
			);
			path = Generated;
			sourceTree = "<group>";
		};
		FF0CE2BB22CA773300B8D01B /* Coordinator */ = {
			isa = PBXGroup;
			children = (
				FF0CE2BC22CA774200B8D01B /* Coordinator.swift */,
			);
			path = Coordinator;
			sourceTree = "<group>";
		};
		FF0CE2BE22CA776D00B8D01B /* Scenes */ = {
			isa = PBXGroup;
			children = (
				FF0CE2E122CAF48700B8D01B /* Drivers */,
			);
			path = Scenes;
			sourceTree = "<group>";
		};
		FF0CE2CE22CA866900B8D01B /* Models */ = {
			isa = PBXGroup;
			children = (
				FF0CE2D122CA873300B8D01B /* Enums */,
				FF0CE2CF22CA867900B8D01B /* Driver.swift */,
				FF0CE2D422CA87B500B8D01B /* Coordinate.swift */,
				FF0CE30822CBA51800B8D01B /* MapBounds.swift */,
			);
			path = Models;
			sourceTree = "<group>";
		};
		FF0CE2D122CA873300B8D01B /* Enums */ = {
			isa = PBXGroup;
			children = (
				FF0CE2D222CA873E00B8D01B /* FleetType.swift */,
			);
			path = Enums;
			sourceTree = "<group>";
		};
		FF0CE2D622CA894200B8D01B /* Data */ = {
			isa = PBXGroup;
			children = (
				FF0CE2CE22CA866900B8D01B /* Models */,
			);
			path = Data;
			sourceTree = "<group>";
		};
		FF0CE2E122CAF48700B8D01B /* Drivers */ = {
			isa = PBXGroup;
			children = (
				FF0CE2F822CB143600B8D01B /* Networking */,
				FF0CE2E922CAF88100B8D01B /* DriversList */,
				FF0CE2E822CAF87900B8D01B /* DriversMap */,
			);
			path = Drivers;
			sourceTree = "<group>";
		};
		FF0CE2E822CAF87900B8D01B /* DriversMap */ = {
			isa = PBXGroup;
			children = (
				FF5BB6BF22CD928D003A9428 /* DriverAnotation */,
				FF0CE31E22CBF10500B8D01B /* ViewModel */,
				FF0CE31D22CBF0FF00B8D01B /* ViewController */,
				FF5BB6B622CD5521003A9428 /* DriversMapCoordinator.swift */,
			);
			path = DriversMap;
			sourceTree = "<group>";
		};
		FF0CE2E922CAF88100B8D01B /* DriversList */ = {
			isa = PBXGroup;
			children = (
				FF0CE2FF22CB9C6900B8D01B /* DriverCell */,
				FF0CE2E422CAF4FD00B8D01B /* DriversListViewController.swift */,
				FF0CE2E522CAF4FD00B8D01B /* DriversListViewController.xib */,
				FF0CE2FB22CB252900B8D01B /* DriversListViewModel.swift */,
				FF5BB6B822CD55A7003A9428 /* DriversListCoordinator.swift */,
			);
			path = DriversList;
			sourceTree = "<group>";
		};
		FF0CE2EE22CAFF9000B8D01B /* Extensions */ = {
			isa = PBXGroup;
			children = (
				FF0CE30E22CBB02A00B8D01B /* UITableView+Utils.swift */,
				FF0CE31022CBDB6D00B8D01B /* UIColor+Utils.swift */,
				FF5BB6CF22CDBD8E003A9428 /* NumberFormatter+Utils.swift */,
				FF5BB6DA22CEBB38003A9428 /* CLLocation+Utils.swift */,
			);
			path = Extensions;
			sourceTree = "<group>";
		};
		FF0CE2F822CB143600B8D01B /* Networking */ = {
			isa = PBXGroup;
			children = (
				FF5BB6D322CDD5F3003A9428 /* Responses */,
				FF0CE30622CBA49B00B8D01B /* DriversService.swift */,
				FF0CE2F622CB141500B8D01B /* DriversAPI.swift */,
				FF5BB6D622CE7B8F003A9428 /* DriversService+Rx.swift */,
			);
			path = Networking;
			sourceTree = "<group>";
		};
		FF0CE2FF22CB9C6900B8D01B /* DriverCell */ = {
			isa = PBXGroup;
			children = (
				FF0CE30022CB9CA300B8D01B /* DriverTableViewCell.swift */,
				FF0CE30122CB9CA300B8D01B /* DriverTableViewCell.xib */,
				FF0CE30422CB9CBB00B8D01B /* DriverCellViewModel.swift */,
			);
			path = DriverCell;
			sourceTree = "<group>";
		};
		FF0CE31522CBE37300B8D01B /* LocationManager */ = {
			isa = PBXGroup;
			children = (
				FF0CE31622CBE38D00B8D01B /* LocationHelper.swift */,
				FF5BB6DE22CECC5E003A9428 /* GeocoderService.swift */,
			);
			path = LocationManager;
			sourceTree = "<group>";
		};
		FF0CE31D22CBF0FF00B8D01B /* ViewController */ = {
			isa = PBXGroup;
			children = (
				FF0CE31822CBF06F00B8D01B /* DriversMapViewController.h */,
				FF0CE31922CBF06F00B8D01B /* DriversMapViewController.m */,
				FF0CE31A22CBF06F00B8D01B /* DriversMapViewController.xib */,
			);
			path = ViewController;
			sourceTree = "<group>";
		};
		FF0CE31E22CBF10500B8D01B /* ViewModel */ = {
			isa = PBXGroup;
			children = (
				FF0CE31F22CBF11600B8D01B /* DriversMapViewModel.h */,
				FF0CE32022CBF12000B8D01B /* DriversMapViewModel.m */,
			);
			path = ViewModel;
			sourceTree = "<group>";
		};
		FF5BB6AF22CD2223003A9428 /* Scenes */ = {
			isa = PBXGroup;
			children = (
				FF5BB6B322CD2371003A9428 /* Mocks */,
				FF5BB6BC22CD6E90003A9428 /* DriversList */,
				FF5BB6B022CD226E003A9428 /* DriversMap */,
			);
			path = Scenes;
			sourceTree = "<group>";
		};
		FF5BB6B022CD226E003A9428 /* DriversMap */ = {
			isa = PBXGroup;
			children = (
				FF5BB6BD22CD6EB1003A9428 /* DriversMapViewModelTests.swift */,
				FF5BB6C922CDAED5003A9428 /* DriverAnnotationViewModelTests.swift */,
				FF5BB6D122CDCD4B003A9428 /* DriverAnnotationTests.swift */,
			);
			path = DriversMap;
			sourceTree = "<group>";
		};
		FF5BB6B322CD2371003A9428 /* Mocks */ = {
			isa = PBXGroup;
			children = (
				FF5BB6B422CD237C003A9428 /* DriversServiceMock.swift */,
			);
			path = Mocks;
			sourceTree = "<group>";
		};
		FF5BB6BC22CD6E90003A9428 /* DriversList */ = {
			isa = PBXGroup;
			children = (
				FF5BB6B122CD2295003A9428 /* DriversListViewModelTests.swift */,
				FF5BB6BA22CD5F64003A9428 /* DriverCellViewModelTests.swift */,
			);
			path = DriversList;
			sourceTree = "<group>";
		};
		FF5BB6BF22CD928D003A9428 /* DriverAnotation */ = {
			isa = PBXGroup;
			children = (
				FF5BB6C522CD94D9003A9428 /* DriverAnnotationViewModel.swift */,
				FF5BB6C322CD94CD003A9428 /* DriverAnnotation.swift */,
				FF5BB6C722CDA5F0003A9428 /* DriverAnnotationView.swift */,
			);
			path = DriverAnotation;
			sourceTree = "<group>";
		};
		FF5BB6CB22CDB0BE003A9428 /* Core */ = {
			isa = PBXGroup;
			children = (
				FF5BB6CC22CDB0C2003A9428 /* Data */,
			);
			path = Core;
			sourceTree = "<group>";
		};
		FF5BB6CC22CDB0C2003A9428 /* Data */ = {
			isa = PBXGroup;
			children = (
				FF5BB6CD22CDB0D5003A9428 /* DriverTests.swift */,
			);
			path = Data;
			sourceTree = "<group>";
		};
		FF5BB6D322CDD5F3003A9428 /* Responses */ = {
			isa = PBXGroup;
			children = (
				FF0CE2F922CB186400B8D01B /* GetDriversResponse.swift */,
			);
			path = Responses;
			sourceTree = "<group>";
		};
/* End PBXGroup section */

/* Begin PBXNativeTarget section */
		FF0CE28322CA467D00B8D01B /* MyRide */ = {
			isa = PBXNativeTarget;
			buildConfigurationList = FF0CE2A122CA467F00B8D01B /* Build configuration list for PBXNativeTarget "MyRide" */;
			buildPhases = (
				7A1F30D75DA93BD9F4B9F009 /* [CP] Check Pods Manifest.lock */,
				FF0CE2AB22CA558000B8D01B /* SwiftGen */,
				FF0CE2B222CA578300B8D01B /* SwiftLint */,
				FF0CE28022CA467D00B8D01B /* Sources */,
				FF0CE28122CA467D00B8D01B /* Frameworks */,
				FF0CE28222CA467D00B8D01B /* Resources */,
				0A56B862DA4254B1B32F8CDD /* [CP] Embed Pods Frameworks */,
			);
			buildRules = (
			);
			dependencies = (
			);
			name = MyRide;
			productName = MyRide;
			productReference = FF0CE28422CA467D00B8D01B /* MyRide.app */;
			productType = "com.apple.product-type.application";
		};
		FF0CE29722CA467F00B8D01B /* MyRideTests */ = {
			isa = PBXNativeTarget;
			buildConfigurationList = FF0CE2A422CA467F00B8D01B /* Build configuration list for PBXNativeTarget "MyRideTests" */;
			buildPhases = (
				BABE6F010418C8CCE72BBD8F /* [CP] Check Pods Manifest.lock */,
				FF0CE29422CA467F00B8D01B /* Sources */,
				FF0CE29522CA467F00B8D01B /* Frameworks */,
				FF0CE29622CA467F00B8D01B /* Resources */,
				2EC8DE2A08D0EF68FFEF5543 /* [CP] Embed Pods Frameworks */,
			);
			buildRules = (
			);
			dependencies = (
				FF0CE29A22CA467F00B8D01B /* PBXTargetDependency */,
			);
			name = MyRideTests;
			productName = MyRideTests;
			productReference = FF0CE29822CA467F00B8D01B /* MyRideTests.xctest */;
			productType = "com.apple.product-type.bundle.unit-test";
		};
/* End PBXNativeTarget section */

/* Begin PBXProject section */
		FF0CE27C22CA467D00B8D01B /* Project object */ = {
			isa = PBXProject;
			attributes = {
				LastSwiftUpdateCheck = 1020;
				LastUpgradeCheck = 1020;
				ORGANIZATIONNAME = "Antony Alkmim";
				TargetAttributes = {
					FF0CE28322CA467D00B8D01B = {
						CreatedOnToolsVersion = 10.2.1;
					};
					FF0CE29722CA467F00B8D01B = {
						CreatedOnToolsVersion = 10.2.1;
						TestTargetID = FF0CE28322CA467D00B8D01B;
					};
				};
			};
			buildConfigurationList = FF0CE27F22CA467D00B8D01B /* Build configuration list for PBXProject "MyRide" */;
			compatibilityVersion = "Xcode 9.3";
			developmentRegion = en;
			hasScannedForEncodings = 0;
			knownRegions = (
				en,
				Base,
			);
			mainGroup = FF0CE27B22CA467D00B8D01B;
			productRefGroup = FF0CE28522CA467D00B8D01B /* Products */;
			projectDirPath = "";
			projectRoot = "";
			targets = (
				FF0CE28322CA467D00B8D01B /* MyRide */,
				FF0CE29722CA467F00B8D01B /* MyRideTests */,
			);
		};
/* End PBXProject section */

/* Begin PBXResourcesBuildPhase section */
		FF0CE28222CA467D00B8D01B /* Resources */ = {
			isa = PBXResourcesBuildPhase;
			buildActionMask = 2147483647;
			files = (
				FF0CE29222CA467F00B8D01B /* LaunchScreen.storyboard in Resources */,
				FF0CE2B122CA56FA00B8D01B /* Localizable.strings in Resources */,
				FF0CE2E722CAF4FD00B8D01B /* DriversListViewController.xib in Resources */,
				FF0CE31C22CBF06F00B8D01B /* DriversMapViewController.xib in Resources */,
				FF0CE28F22CA467F00B8D01B /* Assets.xcassets in Resources */,
				FF0CE30322CB9CA300B8D01B /* DriverTableViewCell.xib in Resources */,
			);
			runOnlyForDeploymentPostprocessing = 0;
		};
		FF0CE29622CA467F00B8D01B /* Resources */ = {
			isa = PBXResourcesBuildPhase;
			buildActionMask = 2147483647;
			files = (
			);
			runOnlyForDeploymentPostprocessing = 0;
		};
/* End PBXResourcesBuildPhase section */

/* Begin PBXShellScriptBuildPhase section */
		0A56B862DA4254B1B32F8CDD /* [CP] Embed Pods Frameworks */ = {
			isa = PBXShellScriptBuildPhase;
			buildActionMask = 2147483647;
			files = (
			);
			inputFileListPaths = (
				"${PODS_ROOT}/Target Support Files/Pods-MyRide/Pods-MyRide-frameworks-${CONFIGURATION}-input-files.xcfilelist",
			);
			name = "[CP] Embed Pods Frameworks";
			outputFileListPaths = (
				"${PODS_ROOT}/Target Support Files/Pods-MyRide/Pods-MyRide-frameworks-${CONFIGURATION}-output-files.xcfilelist",
			);
			runOnlyForDeploymentPostprocessing = 0;
			shellPath = /bin/sh;
			shellScript = "\"${PODS_ROOT}/Target Support Files/Pods-MyRide/Pods-MyRide-frameworks.sh\"\n";
			showEnvVarsInLog = 0;
		};
		2EC8DE2A08D0EF68FFEF5543 /* [CP] Embed Pods Frameworks */ = {
			isa = PBXShellScriptBuildPhase;
			buildActionMask = 2147483647;
			files = (
			);
			inputFileListPaths = (
				"${PODS_ROOT}/Target Support Files/Pods-MyRideTests/Pods-MyRideTests-frameworks-${CONFIGURATION}-input-files.xcfilelist",
			);
			name = "[CP] Embed Pods Frameworks";
			outputFileListPaths = (
				"${PODS_ROOT}/Target Support Files/Pods-MyRideTests/Pods-MyRideTests-frameworks-${CONFIGURATION}-output-files.xcfilelist",
			);
			runOnlyForDeploymentPostprocessing = 0;
			shellPath = /bin/sh;
			shellScript = "\"${PODS_ROOT}/Target Support Files/Pods-MyRideTests/Pods-MyRideTests-frameworks.sh\"\n";
			showEnvVarsInLog = 0;
		};
		7A1F30D75DA93BD9F4B9F009 /* [CP] Check Pods Manifest.lock */ = {
			isa = PBXShellScriptBuildPhase;
			buildActionMask = 2147483647;
			files = (
			);
			inputFileListPaths = (
			);
			inputPaths = (
				"${PODS_PODFILE_DIR_PATH}/Podfile.lock",
				"${PODS_ROOT}/Manifest.lock",
			);
			name = "[CP] Check Pods Manifest.lock";
			outputFileListPaths = (
			);
			outputPaths = (
				"$(DERIVED_FILE_DIR)/Pods-MyRide-checkManifestLockResult.txt",
			);
			runOnlyForDeploymentPostprocessing = 0;
			shellPath = /bin/sh;
			shellScript = "diff \"${PODS_PODFILE_DIR_PATH}/Podfile.lock\" \"${PODS_ROOT}/Manifest.lock\" > /dev/null\nif [ $? != 0 ] ; then\n    # print error to STDERR\n    echo \"error: The sandbox is not in sync with the Podfile.lock. Run 'pod install' or update your CocoaPods installation.\" >&2\n    exit 1\nfi\n# This output is used by Xcode 'outputs' to avoid re-running this script phase.\necho \"SUCCESS\" > \"${SCRIPT_OUTPUT_FILE_0}\"\n";
			showEnvVarsInLog = 0;
		};
		BABE6F010418C8CCE72BBD8F /* [CP] Check Pods Manifest.lock */ = {
			isa = PBXShellScriptBuildPhase;
			buildActionMask = 2147483647;
			files = (
			);
			inputFileListPaths = (
			);
			inputPaths = (
				"${PODS_PODFILE_DIR_PATH}/Podfile.lock",
				"${PODS_ROOT}/Manifest.lock",
			);
			name = "[CP] Check Pods Manifest.lock";
			outputFileListPaths = (
			);
			outputPaths = (
				"$(DERIVED_FILE_DIR)/Pods-MyRideTests-checkManifestLockResult.txt",
			);
			runOnlyForDeploymentPostprocessing = 0;
			shellPath = /bin/sh;
			shellScript = "diff \"${PODS_PODFILE_DIR_PATH}/Podfile.lock\" \"${PODS_ROOT}/Manifest.lock\" > /dev/null\nif [ $? != 0 ] ; then\n    # print error to STDERR\n    echo \"error: The sandbox is not in sync with the Podfile.lock. Run 'pod install' or update your CocoaPods installation.\" >&2\n    exit 1\nfi\n# This output is used by Xcode 'outputs' to avoid re-running this script phase.\necho \"SUCCESS\" > \"${SCRIPT_OUTPUT_FILE_0}\"\n";
			showEnvVarsInLog = 0;
		};
		FF0CE2AB22CA558000B8D01B /* SwiftGen */ = {
			isa = PBXShellScriptBuildPhase;
			buildActionMask = 2147483647;
			files = (
			);
			inputFileListPaths = (
			);
			inputPaths = (
			);
			name = SwiftGen;
			outputFileListPaths = (
			);
			outputPaths = (
			);
			runOnlyForDeploymentPostprocessing = 0;
			shellPath = /bin/sh;
			shellScript = "\"$PODS_ROOT\"/SwiftGen/bin/swiftgen xcassets -t swift4 \"$PROJECT_DIR/MyRide/SupportingFiles/Assets.xcassets\" --output \"$PROJECT_DIR/MyRide/SupportingFiles/Generated/Assets.swift\"\n\n\"$PODS_ROOT\"/SwiftGen/bin/swiftgen strings -t structured-swift4 \"$PROJECT_DIR/MyRide/SupportingFiles/Localizable.strings\" --output \"$PROJECT_DIR/MyRide/SupportingFiles/Generated/Strings.swift\"\n";
		};
		FF0CE2B222CA578300B8D01B /* SwiftLint */ = {
			isa = PBXShellScriptBuildPhase;
			buildActionMask = 2147483647;
			files = (
			);
			inputFileListPaths = (
			);
			inputPaths = (
			);
			name = SwiftLint;
			outputFileListPaths = (
			);
			outputPaths = (
			);
			runOnlyForDeploymentPostprocessing = 0;
			shellPath = /bin/sh;
			shellScript = "\"${PODS_ROOT}\"/SwiftLint/swiftlint\n";
		};
/* End PBXShellScriptBuildPhase section */

/* Begin PBXSourcesBuildPhase section */
		FF0CE28022CA467D00B8D01B /* Sources */ = {
			isa = PBXSourcesBuildPhase;
			buildActionMask = 2147483647;
			files = (
				FF0CE2B822CA5ADF00B8D01B /* Reachability.swift in Sources */,
				FF0CE31722CBE38D00B8D01B /* LocationHelper.swift in Sources */,
				FF0CE2FC22CB252900B8D01B /* DriversListViewModel.swift in Sources */,
				FF0CE2D022CA867900B8D01B /* Driver.swift in Sources */,
				FF5BB6DB22CEBB38003A9428 /* CLLocation+Utils.swift in Sources */,
				FF0CE2D522CA87B500B8D01B /* Coordinate.swift in Sources */,
				FF0CE2C022CA777B00B8D01B /* AppCoordinator.swift in Sources */,
				FF0CE30522CB9CBB00B8D01B /* DriverCellViewModel.swift in Sources */,
				FF0CE28822CA467D00B8D01B /* AppDelegate.swift in Sources */,
				FF0CE2B422CA5A4300B8D01B /* Strings.swift in Sources */,
				FF0CE2FA22CB186400B8D01B /* GetDriversResponse.swift in Sources */,
				FF0CE2F722CB141500B8D01B /* DriversAPI.swift in Sources */,
				FF0CE2AF22CA56C900B8D01B /* Assets.swift in Sources */,
				FF0CE2E622CAF4FD00B8D01B /* DriversListViewController.swift in Sources */,
				FF5BB6C622CD94D9003A9428 /* DriverAnnotationViewModel.swift in Sources */,
				FF0CE2B622CA5A7100B8D01B /* HttpError.swift in Sources */,
				FF0CE30722CBA49B00B8D01B /* DriversService.swift in Sources */,
				FF0CE30922CBA51800B8D01B /* MapBounds.swift in Sources */,
				FF0CE32122CBF12000B8D01B /* DriversMapViewModel.m in Sources */,
				FF5BB6B922CD55A7003A9428 /* DriversListCoordinator.swift in Sources */,
				FF5BB6B722CD5521003A9428 /* DriversMapCoordinator.swift in Sources */,
				FF0CE2AA22CA545300B8D01B /* HttpService.swift in Sources */,
				FF5BB6D722CE7B8F003A9428 /* DriversService+Rx.swift in Sources */,
				FF0CE30222CB9CA300B8D01B /* DriverTableViewCell.swift in Sources */,
				FF0CE2D322CA873E00B8D01B /* FleetType.swift in Sources */,
				FF5BB6C422CD94CD003A9428 /* DriverAnnotation.swift in Sources */,
				FF5BB6C822CDA5F0003A9428 /* DriverAnnotationView.swift in Sources */,
				FF0CE30F22CBB02A00B8D01B /* UITableView+Utils.swift in Sources */,
				FF0CE31B22CBF06F00B8D01B /* DriversMapViewController.m in Sources */,
				FF5BB6D922CE7F43003A9428 /* ActivityIndicator.swift in Sources */,
				FF5BB6D022CDBD8E003A9428 /* NumberFormatter+Utils.swift in Sources */,
				FF5BB6DF22CECC5E003A9428 /* GeocoderService.swift in Sources */,
				FF0CE2BD22CA774200B8D01B /* Coordinator.swift in Sources */,
				FF0CE31122CBDB6D00B8D01B /* UIColor+Utils.swift in Sources */,
			);
			runOnlyForDeploymentPostprocessing = 0;
		};
		FF0CE29422CA467F00B8D01B /* Sources */ = {
			isa = PBXSourcesBuildPhase;
			buildActionMask = 2147483647;
			files = (
				FF5BB6D222CDCD4B003A9428 /* DriverAnnotationTests.swift in Sources */,
				FF5BB6BB22CD5F65003A9428 /* DriverCellViewModelTests.swift in Sources */,
				FF5BB6CA22CDAED5003A9428 /* DriverAnnotationViewModelTests.swift in Sources */,
				FF5BB6B522CD237C003A9428 /* DriversServiceMock.swift in Sources */,
				FF5BB6CE22CDB0D5003A9428 /* DriverTests.swift in Sources */,
				FF5BB6B222CD2295003A9428 /* DriversListViewModelTests.swift in Sources */,
				FF5BB6BE22CD6EB1003A9428 /* DriversMapViewModelTests.swift in Sources */,
			);
			runOnlyForDeploymentPostprocessing = 0;
		};
/* End PBXSourcesBuildPhase section */

/* Begin PBXTargetDependency section */
		FF0CE29A22CA467F00B8D01B /* PBXTargetDependency */ = {
			isa = PBXTargetDependency;
			target = FF0CE28322CA467D00B8D01B /* MyRide */;
			targetProxy = FF0CE29922CA467F00B8D01B /* PBXContainerItemProxy */;
		};
/* End PBXTargetDependency section */

/* Begin PBXVariantGroup section */
		FF0CE29022CA467F00B8D01B /* LaunchScreen.storyboard */ = {
			isa = PBXVariantGroup;
			children = (
				FF0CE29122CA467F00B8D01B /* Base */,
			);
			name = LaunchScreen.storyboard;
			sourceTree = "<group>";
		};
/* End PBXVariantGroup section */

/* Begin XCBuildConfiguration section */
		FF0CE29F22CA467F00B8D01B /* Debug */ = {
			isa = XCBuildConfiguration;
			buildSettings = {
				ALWAYS_EMBED_SWIFT_STANDARD_LIBRARIES = YES;
				ALWAYS_SEARCH_USER_PATHS = NO;
				CLANG_ANALYZER_NONNULL = YES;
				CLANG_ANALYZER_NUMBER_OBJECT_CONVERSION = YES_AGGRESSIVE;
				CLANG_CXX_LANGUAGE_STANDARD = "gnu++14";
				CLANG_CXX_LIBRARY = "libc++";
				CLANG_ENABLE_MODULES = YES;
				CLANG_ENABLE_OBJC_ARC = YES;
				CLANG_ENABLE_OBJC_WEAK = YES;
				CLANG_WARN_BLOCK_CAPTURE_AUTORELEASING = YES;
				CLANG_WARN_BOOL_CONVERSION = YES;
				CLANG_WARN_COMMA = YES;
				CLANG_WARN_CONSTANT_CONVERSION = YES;
				CLANG_WARN_DEPRECATED_OBJC_IMPLEMENTATIONS = YES;
				CLANG_WARN_DIRECT_OBJC_ISA_USAGE = YES_ERROR;
				CLANG_WARN_DOCUMENTATION_COMMENTS = YES;
				CLANG_WARN_EMPTY_BODY = YES;
				CLANG_WARN_ENUM_CONVERSION = YES;
				CLANG_WARN_INFINITE_RECURSION = YES;
				CLANG_WARN_INT_CONVERSION = YES;
				CLANG_WARN_NON_LITERAL_NULL_CONVERSION = YES;
				CLANG_WARN_OBJC_IMPLICIT_RETAIN_SELF = YES;
				CLANG_WARN_OBJC_LITERAL_CONVERSION = YES;
				CLANG_WARN_OBJC_ROOT_CLASS = YES_ERROR;
				CLANG_WARN_RANGE_LOOP_ANALYSIS = YES;
				CLANG_WARN_STRICT_PROTOTYPES = YES;
				CLANG_WARN_SUSPICIOUS_MOVE = YES;
				CLANG_WARN_UNGUARDED_AVAILABILITY = YES_AGGRESSIVE;
				CLANG_WARN_UNREACHABLE_CODE = YES;
				CLANG_WARN__DUPLICATE_METHOD_MATCH = YES;
				CODE_SIGN_IDENTITY = "iPhone Developer";
				COPY_PHASE_STRIP = NO;
				DEBUG_INFORMATION_FORMAT = dwarf;
				DEFINES_MODULE = YES;
				ENABLE_STRICT_OBJC_MSGSEND = YES;
				ENABLE_TESTABILITY = YES;
				GCC_C_LANGUAGE_STANDARD = gnu11;
				GCC_DYNAMIC_NO_PIC = NO;
				GCC_NO_COMMON_BLOCKS = YES;
				GCC_OPTIMIZATION_LEVEL = 0;
				GCC_PREPROCESSOR_DEFINITIONS = (
					"DEBUG=1",
					"$(inherited)",
				);
				GCC_WARN_64_TO_32_BIT_CONVERSION = YES;
				GCC_WARN_ABOUT_RETURN_TYPE = YES_ERROR;
				GCC_WARN_UNDECLARED_SELECTOR = YES;
				GCC_WARN_UNINITIALIZED_AUTOS = YES_AGGRESSIVE;
				GCC_WARN_UNUSED_FUNCTION = YES;
				GCC_WARN_UNUSED_VARIABLE = YES;
				IPHONEOS_DEPLOYMENT_TARGET = 12.2;
				MTL_ENABLE_DEBUG_INFO = INCLUDE_SOURCE;
				MTL_FAST_MATH = YES;
				ONLY_ACTIVE_ARCH = YES;
				SDKROOT = iphoneos;
				SWIFT_ACTIVE_COMPILATION_CONDITIONS = DEBUG;
				SWIFT_OPTIMIZATION_LEVEL = "-Onone";
			};
			name = Debug;
		};
		FF0CE2A022CA467F00B8D01B /* Release */ = {
			isa = XCBuildConfiguration;
			buildSettings = {
				ALWAYS_EMBED_SWIFT_STANDARD_LIBRARIES = YES;
				ALWAYS_SEARCH_USER_PATHS = NO;
				CLANG_ANALYZER_NONNULL = YES;
				CLANG_ANALYZER_NUMBER_OBJECT_CONVERSION = YES_AGGRESSIVE;
				CLANG_CXX_LANGUAGE_STANDARD = "gnu++14";
				CLANG_CXX_LIBRARY = "libc++";
				CLANG_ENABLE_MODULES = YES;
				CLANG_ENABLE_OBJC_ARC = YES;
				CLANG_ENABLE_OBJC_WEAK = YES;
				CLANG_WARN_BLOCK_CAPTURE_AUTORELEASING = YES;
				CLANG_WARN_BOOL_CONVERSION = YES;
				CLANG_WARN_COMMA = YES;
				CLANG_WARN_CONSTANT_CONVERSION = YES;
				CLANG_WARN_DEPRECATED_OBJC_IMPLEMENTATIONS = YES;
				CLANG_WARN_DIRECT_OBJC_ISA_USAGE = YES_ERROR;
				CLANG_WARN_DOCUMENTATION_COMMENTS = YES;
				CLANG_WARN_EMPTY_BODY = YES;
				CLANG_WARN_ENUM_CONVERSION = YES;
				CLANG_WARN_INFINITE_RECURSION = YES;
				CLANG_WARN_INT_CONVERSION = YES;
				CLANG_WARN_NON_LITERAL_NULL_CONVERSION = YES;
				CLANG_WARN_OBJC_IMPLICIT_RETAIN_SELF = YES;
				CLANG_WARN_OBJC_LITERAL_CONVERSION = YES;
				CLANG_WARN_OBJC_ROOT_CLASS = YES_ERROR;
				CLANG_WARN_RANGE_LOOP_ANALYSIS = YES;
				CLANG_WARN_STRICT_PROTOTYPES = YES;
				CLANG_WARN_SUSPICIOUS_MOVE = YES;
				CLANG_WARN_UNGUARDED_AVAILABILITY = YES_AGGRESSIVE;
				CLANG_WARN_UNREACHABLE_CODE = YES;
				CLANG_WARN__DUPLICATE_METHOD_MATCH = YES;
				CODE_SIGN_IDENTITY = "iPhone Developer";
				COPY_PHASE_STRIP = NO;
				DEBUG_INFORMATION_FORMAT = "dwarf-with-dsym";
				DEFINES_MODULE = YES;
				ENABLE_NS_ASSERTIONS = NO;
				ENABLE_STRICT_OBJC_MSGSEND = YES;
				GCC_C_LANGUAGE_STANDARD = gnu11;
				GCC_NO_COMMON_BLOCKS = YES;
				GCC_WARN_64_TO_32_BIT_CONVERSION = YES;
				GCC_WARN_ABOUT_RETURN_TYPE = YES_ERROR;
				GCC_WARN_UNDECLARED_SELECTOR = YES;
				GCC_WARN_UNINITIALIZED_AUTOS = YES_AGGRESSIVE;
				GCC_WARN_UNUSED_FUNCTION = YES;
				GCC_WARN_UNUSED_VARIABLE = YES;
				IPHONEOS_DEPLOYMENT_TARGET = 12.2;
				MTL_ENABLE_DEBUG_INFO = NO;
				MTL_FAST_MATH = YES;
				SDKROOT = iphoneos;
				SWIFT_COMPILATION_MODE = wholemodule;
				SWIFT_OPTIMIZATION_LEVEL = "-O";
				VALIDATE_PRODUCT = YES;
			};
			name = Release;
		};
		FF0CE2A222CA467F00B8D01B /* Debug */ = {
			isa = XCBuildConfiguration;
			baseConfigurationReference = 18608B2BE2817A050EF09B9A /* Pods-MyRide.debug.xcconfig */;
			buildSettings = {
				ASSETCATALOG_COMPILER_APPICON_NAME = AppIcon;
				CODE_SIGN_STYLE = Automatic;
				DEFINES_MODULE = YES;
				DEVELOPMENT_TEAM = AD62P27W7L;
				INFOPLIST_FILE = "$(SRCROOT)/MyRide/SupportingFiles/Info.plist";
				LD_RUNPATH_SEARCH_PATHS = (
					"$(inherited)",
					"@executable_path/Frameworks",
				);
				PRODUCT_BUNDLE_IDENTIFIER = com.antonyalkmim.MyRide;
				PRODUCT_NAME = "$(TARGET_NAME)";
				SWIFT_OBJC_BRIDGING_HEADER = "MyRide/SupportingFiles/MyRide-Bridging-Header.h";
				SWIFT_PRECOMPILE_BRIDGING_HEADER = NO;
				SWIFT_VERSION = 5.0;
				TARGETED_DEVICE_FAMILY = 1;
			};
			name = Debug;
		};
		FF0CE2A322CA467F00B8D01B /* Release */ = {
			isa = XCBuildConfiguration;
			baseConfigurationReference = EE2513F0FF7FFD96AC038289 /* Pods-MyRide.release.xcconfig */;
			buildSettings = {
				ASSETCATALOG_COMPILER_APPICON_NAME = AppIcon;
				CODE_SIGN_STYLE = Automatic;
				DEFINES_MODULE = YES;
				DEVELOPMENT_TEAM = AD62P27W7L;
				INFOPLIST_FILE = "$(SRCROOT)/MyRide/SupportingFiles/Info.plist";
				LD_RUNPATH_SEARCH_PATHS = (
					"$(inherited)",
					"@executable_path/Frameworks",
				);
				PRODUCT_BUNDLE_IDENTIFIER = com.antonyalkmim.MyRide;
				PRODUCT_NAME = "$(TARGET_NAME)";
				SWIFT_OBJC_BRIDGING_HEADER = "MyRide/SupportingFiles/MyRide-Bridging-Header.h";
				SWIFT_PRECOMPILE_BRIDGING_HEADER = NO;
				SWIFT_VERSION = 5.0;
				TARGETED_DEVICE_FAMILY = 1;
			};
			name = Release;
		};
		FF0CE2A522CA467F00B8D01B /* Debug */ = {
			isa = XCBuildConfiguration;
			baseConfigurationReference = AE257DB955C88BD6FF3DC28C /* Pods-MyRideTests.debug.xcconfig */;
			buildSettings = {
				ALWAYS_EMBED_SWIFT_STANDARD_LIBRARIES = "$(inherited)";
				BUNDLE_LOADER = "$(TEST_HOST)";
				CODE_SIGN_STYLE = Automatic;
				DEVELOPMENT_TEAM = AD62P27W7L;
				INFOPLIST_FILE = MyRideTests/Info.plist;
				LD_RUNPATH_SEARCH_PATHS = (
					"$(inherited)",
					"@executable_path/Frameworks",
					"@loader_path/Frameworks",
				);
				PRODUCT_BUNDLE_IDENTIFIER = com.antonyalkmim.MyRideTests;
				PRODUCT_NAME = "$(TARGET_NAME)";
				SWIFT_VERSION = 5.0;
				TARGETED_DEVICE_FAMILY = "1,2";
				TEST_HOST = "$(BUILT_PRODUCTS_DIR)/MyRide.app/MyRide";
			};
			name = Debug;
		};
		FF0CE2A622CA467F00B8D01B /* Release */ = {
			isa = XCBuildConfiguration;
			baseConfigurationReference = 8D720BF88A2977288A936BAB /* Pods-MyRideTests.release.xcconfig */;
			buildSettings = {
				ALWAYS_EMBED_SWIFT_STANDARD_LIBRARIES = "$(inherited)";
				BUNDLE_LOADER = "$(TEST_HOST)";
				CODE_SIGN_STYLE = Automatic;
				DEVELOPMENT_TEAM = AD62P27W7L;
				INFOPLIST_FILE = MyRideTests/Info.plist;
				LD_RUNPATH_SEARCH_PATHS = (
					"$(inherited)",
					"@executable_path/Frameworks",
					"@loader_path/Frameworks",
				);
				PRODUCT_BUNDLE_IDENTIFIER = com.antonyalkmim.MyRideTests;
				PRODUCT_NAME = "$(TARGET_NAME)";
				SWIFT_VERSION = 5.0;
				TARGETED_DEVICE_FAMILY = "1,2";
				TEST_HOST = "$(BUILT_PRODUCTS_DIR)/MyRide.app/MyRide";
			};
			name = Release;
		};
/* End XCBuildConfiguration section */

/* Begin XCConfigurationList section */
		FF0CE27F22CA467D00B8D01B /* Build configuration list for PBXProject "MyRide" */ = {
			isa = XCConfigurationList;
			buildConfigurations = (
				FF0CE29F22CA467F00B8D01B /* Debug */,
				FF0CE2A022CA467F00B8D01B /* Release */,
			);
			defaultConfigurationIsVisible = 0;
			defaultConfigurationName = Release;
		};
		FF0CE2A122CA467F00B8D01B /* Build configuration list for PBXNativeTarget "MyRide" */ = {
			isa = XCConfigurationList;
			buildConfigurations = (
				FF0CE2A222CA467F00B8D01B /* Debug */,
				FF0CE2A322CA467F00B8D01B /* Release */,
			);
			defaultConfigurationIsVisible = 0;
			defaultConfigurationName = Release;
		};
		FF0CE2A422CA467F00B8D01B /* Build configuration list for PBXNativeTarget "MyRideTests" */ = {
			isa = XCConfigurationList;
			buildConfigurations = (
				FF0CE2A522CA467F00B8D01B /* Debug */,
				FF0CE2A622CA467F00B8D01B /* Release */,
			);
			defaultConfigurationIsVisible = 0;
			defaultConfigurationName = Release;
		};
/* End XCConfigurationList section */
	};
	rootObject = FF0CE27C22CA467D00B8D01B /* Project object */;
}
